// !$*UTF8*$!
{
	archiveVersion = 1;
	classes = {
	};
	objectVersion = 46;
	objects = {

/* Begin PBXBuildFile section */
		85C302941D9976DC005B7CDA /* AppDelegate.swift in Sources */ = {isa = PBXBuildFile; fileRef = 85C302931D9976DC005B7CDA /* AppDelegate.swift */; };
		85C302961D9976DC005B7CDA /* ViewController.swift in Sources */ = {isa = PBXBuildFile; fileRef = 85C302951D9976DC005B7CDA /* ViewController.swift */; };
		85C302991D9976DC005B7CDA /* Main.storyboard in Resources */ = {isa = PBXBuildFile; fileRef = 85C302971D9976DC005B7CDA /* Main.storyboard */; };
		85C3029B1D9976DC005B7CDA /* Assets.xcassets in Resources */ = {isa = PBXBuildFile; fileRef = 85C3029A1D9976DC005B7CDA /* Assets.xcassets */; };
		85C3029E1D9976DC005B7CDA /* LaunchScreen.storyboard in Resources */ = {isa = PBXBuildFile; fileRef = 85C3029C1D9976DC005B7CDA /* LaunchScreen.storyboard */; };
/* End PBXBuildFile section */

/* Begin PBXFileReference section */
		85C302901D9976DC005B7CDA /* SaveThePlanet.app */ = {isa = PBXFileReference; explicitFileType = wrapper.application; includeInIndex = 0; path = SaveThePlanet.app; sourceTree = BUILT_PRODUCTS_DIR; };
		85C302931D9976DC005B7CDA /* AppDelegate.swift */ = {isa = PBXFileReference; lastKnownFileType = sourcecode.swift; path = AppDelegate.swift; sourceTree = "<group>"; };
		85C302951D9976DC005B7CDA /* ViewController.swift */ = {isa = PBXFileReference; lastKnownFileType = sourcecode.swift; path = ViewController.swift; sourceTree = "<group>"; };
		85C302981D9976DC005B7CDA /* Base */ = {isa = PBXFileReference; lastKnownFileType = file.storyboard; name = Base; path = Base.lproj/Main.storyboard; sourceTree = "<group>"; };
		85C3029A1D9976DC005B7CDA /* Assets.xcassets */ = {isa = PBXFileReference; lastKnownFileType = folder.assetcatalog; path = Assets.xcassets; sourceTree = "<group>"; };
		85C3029D1D9976DC005B7CDA /* Base */ = {isa = PBXFileReference; lastKnownFileType = file.storyboard; name = Base; path = Base.lproj/LaunchScreen.storyboard; sourceTree = "<group>"; };
		85C3029F1D9976DC005B7CDA /* Info.plist */ = {isa = PBXFileReference; lastKnownFileType = text.plist.xml; path = Info.plist; sourceTree = "<group>"; };
/* End PBXFileReference section */

/* Begin PBXFrameworksBuildPhase section */
		85C3028D1D9976DC005B7CDA /* Frameworks */ = {
			isa = PBXFrameworksBuildPhase;
			buildActionMask = 2147483647;
			files = (
			);
			runOnlyForDeploymentPostprocessing = 0;
		};
/* End PBXFrameworksBuildPhase section */

/* Begin PBXGroup section */
		85C302871D9976DC005B7CDA = {
			isa = PBXGroup;
			children = (
				85C302921D9976DC005B7CDA /* SaveThePlanet */,
				85C302911D9976DC005B7CDA /* Products */,
			);
			sourceTree = "<group>";
		};
		85C302911D9976DC005B7CDA /* Products */ = {
			isa = PBXGroup;
			children = (
				85C302901D9976DC005B7CDA /* SaveThePlanet.app */,
			);
			name = Products;
			sourceTree = "<group>";
		};
		85C302921D9976DC005B7CDA /* SaveThePlanet */ = {
			isa = PBXGroup;
			children = (
				85C302931D9976DC005B7CDA /* AppDelegate.swift */,
				85C302951D9976DC005B7CDA /* ViewController.swift */,
				85C302971D9976DC005B7CDA /* Main.storyboard */,
				85C3029A1D9976DC005B7CDA /* Assets.xcassets */,
				85C3029C1D9976DC005B7CDA /* LaunchScreen.storyboard */,
				85C3029F1D9976DC005B7CDA /* Info.plist */,
			);
			path = SaveThePlanet;
			sourceTree = "<group>";
		};
/* End PBXGroup section */

/* Begin PBXNativeTarget section */
		85C3028F1D9976DC005B7CDA /* SaveThePlanet */ = {
			isa = PBXNativeTarget;
			buildConfigurationList = 85C302A21D9976DC005B7CDA /* Build configuration list for PBXNativeTarget "SaveThePlanet" */;
			buildPhases = (
				85C3028C1D9976DC005B7CDA /* Sources */,
				85C3028D1D9976DC005B7CDA /* Frameworks */,
				85C3028E1D9976DC005B7CDA /* Resources */,
			);
			buildRules = (
			);
			dependencies = (
			);
			name = SaveThePlanet;
			productName = SaveThePlanet;
			productReference = 85C302901D9976DC005B7CDA /* SaveThePlanet.app */;
			productType = "com.apple.product-type.application";
		};
/* End PBXNativeTarget section */

/* Begin PBXProject section */
		85C302881D9976DC005B7CDA /* Project object */ = {
			isa = PBXProject;
			attributes = {
				LastSwiftUpdateCheck = 0800;
				LastUpgradeCheck = 0800;
				ORGANIZATIONNAME = "G-Tech Innovation Inc";
				TargetAttributes = {
					85C3028F1D9976DC005B7CDA = {
						CreatedOnToolsVersion = 8.0;
						ProvisioningStyle = Automatic;
					};
				};
			};
			buildConfigurationList = 85C3028B1D9976DC005B7CDA /* Build configuration list for PBXProject "SaveThePlanet" */;
			compatibilityVersion = "Xcode 3.2";
			developmentRegion = English;
			hasScannedForEncodings = 0;
			knownRegions = (
				en,
				Base,
			);
			mainGroup = 85C302871D9976DC005B7CDA;
			productRefGroup = 85C302911D9976DC005B7CDA /* Products */;
			projectDirPath = "";
			projectRoot = "";
			targets = (
				85C3028F1D9976DC005B7CDA /* SaveThePlanet */,
			);
		};
/* End PBXProject section */

/* Begin PBXResourcesBuildPhase section */
		85C3028E1D9976DC005B7CDA /* Resources */ = {
			isa = PBXResourcesBuildPhase;
			buildActionMask = 2147483647;
			files = (
				85C3029E1D9976DC005B7CDA /* LaunchScreen.storyboard in Resources */,
				85C3029B1D9976DC005B7CDA /* Assets.xcassets in Resources */,
				85C302991D9976DC005B7CDA /* Main.storyboard in Resources */,
			);
			runOnlyForDeploymentPostprocessing = 0;
		};
/* End PBXResourcesBuildPhase section */

/* Begin PBXSourcesBuildPhase section */
		85C3028C1D9976DC005B7CDA /* Sources */ = {
			isa = PBXSourcesBuildPhase;
			buildActionMask = 2147483647;
			files = (
				85C302961D9976DC005B7CDA /* ViewController.swift in Sources */,
				85C302941D9976DC005B7CDA /* AppDelegate.swift in Sources */,
			);
			runOnlyForDeploymentPostprocessing = 0;
		};
/* End PBXSourcesBuildPhase section */

/* Begin PBXVariantGroup section */
		85C302971D9976DC005B7CDA /* Main.storyboard */ = {
			isa = PBXVariantGroup;
			children = (
				85C302981D9976DC005B7CDA /* Base */,
			);
			name = Main.storyboard;
			sourceTree = "<group>";
		};
		85C3029C1D9976DC005B7CDA /* LaunchScreen.storyboard */ = {
			isa = PBXVariantGroup;
			children = (
				85C3029D1D9976DC005B7CDA /* Base */,
			);
			name = LaunchScreen.storyboard;
			sourceTree = "<group>";
		};
/* End PBXVariantGroup section */

/* Begin XCBuildConfiguration section */
		85C302A01D9976DC005B7CDA /* Debug */ = {
			isa = XCBuildConfiguration;
			buildSettings = {
				ALWAYS_SEARCH_USER_PATHS = NO;
				CLANG_ANALYZER_NONNULL = YES;
				CLANG_CXX_LANGUAGE_STANDARD = "gnu++0x";
				CLANG_CXX_LIBRARY = "libc++";
				CLANG_ENABLE_MODULES = YES;
				CLANG_ENABLE_OBJC_ARC = YES;
				CLANG_WARN_BOOL_CONVERSION = YES;
				CLANG_WARN_CONSTANT_CONVERSION = YES;
				CLANG_WARN_DIRECT_OBJC_ISA_USAGE = YES_ERROR;
				CLANG_WARN_DOCUMENTATION_COMMENTS = YES;
				CLANG_WARN_EMPTY_BODY = YES;
				CLANG_WARN_ENUM_CONVERSION = YES;
				CLANG_WARN_INFINITE_RECURSION = YES;
				CLANG_WARN_INT_CONVERSION = YES;
				CLANG_WARN_OBJC_ROOT_CLASS = YES_ERROR;
				CLANG_WARN_SUSPICIOUS_MOVES = YES;
				CLANG_WARN_UNREACHABLE_CODE = YES;
				CLANG_WARN__DUPLICATE_METHOD_MATCH = YES;
				"CODE_SIGN_IDENTITY[sdk=iphoneos*]" = "iPhone Developer";
				COPY_PHASE_STRIP = NO;
				DEBUG_INFORMATION_FORMAT = dwarf;
				ENABLE_STRICT_OBJC_MSGSEND = YES;
				ENABLE_TESTABILITY = YES;
				GCC_C_LANGUAGE_STANDARD = gnu99;
				GCC_DYNAMIC_NO_PIC = NO;
				GCC_NO_COMMON_BLOCKS = YES;
				GCC_OPTIMIZATION_LEVEL = 0;
				GCC_PREPROCESSOR_DEFINITIONS = (
					"DEBUG=1",
					"$(inherited)",
				);
				GCC_WARN_64_TO_32_BIT_CONVERSION = YES;
				GCC_WARN_ABOUT_RETURN_TYPE = YES_ERROR;
				GCC_WARN_UNDECLARED_SELECTOR = YES;
				GCC_WARN_UNINITIALIZED_AUTOS = YES_AGGRESSIVE;
				GCC_WARN_UNUSED_FUNCTION = YES;
				GCC_WARN_UNUSED_VARIABLE = YES;
				IPHONEOS_DEPLOYMENT_TARGET = 10.0;
				MTL_ENABLE_DEBUG_INFO = YES;
				ONLY_ACTIVE_ARCH = YES;
				SDKROOT = iphoneos;
				SWIFT_ACTIVE_COMPILATION_CONDITIONS = DEBUG;
				SWIFT_OPTIMIZATION_LEVEL = "-Onone";
				TARGETED_DEVICE_FAMILY = "1,2";
			};
			name = Debug;
		};
		85C302A11D9976DC005B7CDA /* Release */ = {
			isa = XCBuildConfiguration;
			buildSettings = {
				ALWAYS_SEARCH_USER_PATHS = NO;
				CLANG_ANALYZER_NONNULL = YES;
				CLANG_CXX_LANGUAGE_STANDARD = "gnu++0x";
				CLANG_CXX_LIBRARY = "libc++";
				CLANG_ENABLE_MODULES = YES;
				CLANG_ENABLE_OBJC_ARC = YES;
				CLANG_WARN_BOOL_CONVERSION = YES;
				CLANG_WARN_CONSTANT_CONVERSION = YES;
				CLANG_WARN_DIRECT_OBJC_ISA_USAGE = YES_ERROR;
				CLANG_WARN_DOCUMENTATION_COMMENTS = YES;
				CLANG_WARN_EMPTY_BODY = YES;
				CLANG_WARN_ENUM_CONVERSION = YES;
				CLANG_WARN_INFINITE_RECURSION = YES;
				CLANG_WARN_INT_CONVERSION = YES;
				CLANG_WARN_OBJC_ROOT_CLASS = YES_ERROR;
				CLANG_WARN_SUSPICIOUS_MOVES = YES;
				CLANG_WARN_UNREACHABLE_CODE = YES;
				CLANG_WARN__DUPLICATE_METHOD_MATCH = YES;
				"CODE_SIGN_IDENTITY[sdk=iphoneos*]" = "iPhone Developer";
				COPY_PHASE_STRIP = NO;
				DEBUG_INFORMATION_FORMAT = "dwarf-with-dsym";
				ENABLE_NS_ASSERTIONS = NO;
				ENABLE_STRICT_OBJC_MSGSEND = YES;
				GCC_C_LANGUAGE_STANDARD = gnu99;
				GCC_NO_COMMON_BLOCKS = YES;
				GCC_WARN_64_TO_32_BIT_CONVERSION = YES;
				GCC_WARN_ABOUT_RETURN_TYPE = YES_ERROR;
				GCC_WARN_UNDECLARED_SELECTOR = YES;
				GCC_WARN_UNINITIALIZED_AUTOS = YES_AGGRESSIVE;
				GCC_WARN_UNUSED_FUNCTION = YES;
				GCC_WARN_UNUSED_VARIABLE = YES;
				IPHONEOS_DEPLOYMENT_TARGET = 10.0;
				MTL_ENABLE_DEBUG_INFO = NO;
				SDKROOT = iphoneos;
				SWIFT_OPTIMIZATION_LEVEL = "-Owholemodule";
				TARGETED_DEVICE_FAMILY = "1,2";
				VALIDATE_PRODUCT = YES;
			};
			name = Release;
		};
		85C302A31D9976DC005B7CDA /* Debug */ = {
			isa = XCBuildConfiguration;
			buildSettings = {
				ASSETCATALOG_COMPILER_APPICON_NAME = AppIcon;
				INFOPLIST_FILE = SaveThePlanet/Info.plist;
				LD_RUNPATH_SEARCH_PATHS = "$(inherited) @executable_path/Frameworks";
				PRODUCT_BUNDLE_IDENTIFIER = "Dev-GTech.SaveThePlanet";
				PRODUCT_NAME = "$(TARGET_NAME)";
				SWIFT_VERSION = 3.0;
			};
			name = Debug;
		};
		85C302A41D9976DC005B7CDA /* Release */ = {
			isa = XCBuildConfiguration;
			buildSettings = {
				ASSETCATALOG_COMPILER_APPICON_NAME = AppIcon;
				INFOPLIST_FILE = SaveThePlanet/Info.plist;
				LD_RUNPATH_SEARCH_PATHS = "$(inherited) @executable_path/Frameworks";
				PRODUCT_BUNDLE_IDENTIFIER = "Dev-GTech.SaveThePlanet";
				PRODUCT_NAME = "$(TARGET_NAME)";
				SWIFT_VERSION = 3.0;
			};
			name = Release;
		};
/* End XCBuildConfiguration section */

/* Begin XCConfigurationList section */
		85C3028B1D9976DC005B7CDA /* Build configuration list for PBXProject "SaveThePlanet" */ = {
			isa = XCConfigurationList;
			buildConfigurations = (
				85C302A01D9976DC005B7CDA /* Debug */,
				85C302A11D9976DC005B7CDA /* Release */,
			);
			defaultConfigurationIsVisible = 0;
			defaultConfigurationName = Release;
		};
		85C302A21D9976DC005B7CDA /* Build configuration list for PBXNativeTarget "SaveThePlanet" */ = {
			isa = XCConfigurationList;
			buildConfigurations = (
				85C302A31D9976DC005B7CDA /* Debug */,
				85C302A41D9976DC005B7CDA /* Release */,
			);
			defaultConfigurationIsVisible = 0;
		};
/* End XCConfigurationList section */
	};
	rootObject = 85C302881D9976DC005B7CDA /* Project object */;
}
